
Microsoft Visual Studio Solution File, Format Version 12.00
Project("{FAE04EC0-301F-11D3-BF4B-00C04F79EFBC}") = "Task2", "Task2\Task2.csproj", "{73B84338-535C-4301-BA99-3C66026EF6D4}"
EndProject
Global
	GlobalSection(SolutionConfigurationPlatforms) = preSolution
		Debug|Any CPU = Debug|Any CPU
		Release|Any CPU = Release|Any CPU
	EndGlobalSection
	GlobalSection(ProjectConfigurationPlatforms) = postSolution
		{73B84338-535C-4301-BA99-3C66026EF6D4}.Debug|Any CPU.ActiveCfg = Debug|Any CPU
		{73B84338-535C-4301-BA99-3C66026EF6D4}.Debug|Any CPU.Build.0 = Debug|Any CPU
		{73B84338-535C-4301-BA99-3C66026EF6D4}.Release|Any CPU.ActiveCfg = Release|Any CPU
		{73B84338-535C-4301-BA99-3C66026EF6D4}.Release|Any CPU.Build.0 = Release|Any CPU
	EndGlobalSection
EndGlobal
